
Microsoft Visual Studio Solution File, Format Version 11.00
# Visual Studio 2010
Project("{FAE04EC0-301F-11D3-BF4B-00C04F79EFBC}") = "placement cell", "placement cell\placement cell.csproj", "{496A7ABB-8B4A-472C-9C7C-47736C4C3876}"
EndProject
Global
	GlobalSection(SolutionConfigurationPlatforms) = preSolution
		Debug|Any CPU = Debug|Any CPU
		Release|Any CPU = Release|Any CPU
	EndGlobalSection
	GlobalSection(ProjectConfigurationPlatforms) = postSolution
		{496A7ABB-8B4A-472C-9C7C-47736C4C3876}.Debug|Any CPU.ActiveCfg = Debug|Any CPU
		{496A7ABB-8B4A-472C-9C7C-47736C4C3876}.Debug|Any CPU.Build.0 = Debug|Any CPU
		{496A7ABB-8B4A-472C-9C7C-47736C4C3876}.Release|Any CPU.ActiveCfg = Release|Any CPU
		{496A7ABB-8B4A-472C-9C7C-47736C4C3876}.Release|Any CPU.Build.0 = Release|Any CPU
	EndGlobalSection
	GlobalSection(SolutionProperties) = preSolution
		HideSolutionNode = FALSE
	EndGlobalSection
EndGlobal
